// !$*UTF8*$!
{
	archiveVersion = 1;
	classes = {
	};
	objectVersion = 46;
	objects = {

/* Begin PBXBuildFile section */
		0D5BC66A1F1B1D2700249136 /* main.m in Sources */ = {isa = PBXBuildFile; fileRef = 0D5BC6691F1B1D2700249136 /* main.m */; };
		0D5BC66D1F1B1D2700249136 /* AppDelegate.m in Sources */ = {isa = PBXBuildFile; fileRef = 0D5BC66C1F1B1D2700249136 /* AppDelegate.m */; };
		0D5BC6701F1B1D2700249136 /* ViewController.m in Sources */ = {isa = PBXBuildFile; fileRef = 0D5BC66F1F1B1D2700249136 /* ViewController.m */; };
		0D5BC6731F1B1D2700249136 /* Main.storyboard in Resources */ = {isa = PBXBuildFile; fileRef = 0D5BC6711F1B1D2700249136 /* Main.storyboard */; };
		0D5BC6751F1B1D2700249136 /* Assets.xcassets in Resources */ = {isa = PBXBuildFile; fileRef = 0D5BC6741F1B1D2700249136 /* Assets.xcassets */; };
		0D5BC6781F1B1D2700249136 /* LaunchScreen.storyboard in Resources */ = {isa = PBXBuildFile; fileRef = 0D5BC6761F1B1D2700249136 /* LaunchScreen.storyboard */; };
		0D5BC6821F1B200300249136 /* WBShuffling.m in Sources */ = {isa = PBXBuildFile; fileRef = 0D5BC6811F1B200300249136 /* WBShuffling.m */; };
		0D5BC6851F1B20CF00249136 /* WBConfiguration.m in Sources */ = {isa = PBXBuildFile; fileRef = 0D5BC6841F1B20CF00249136 /* WBConfiguration.m */; };
		0D5BC6881F1B222D00249136 /* WBPageControl.m in Sources */ = {isa = PBXBuildFile; fileRef = 0D5BC6871F1B222D00249136 /* WBPageControl.m */; };
		0DD6E1CA1F1B236C00881B1F /* WBShufflingAnimation.m in Sources */ = {isa = PBXBuildFile; fileRef = 0DD6E1C11F1B236C00881B1F /* WBShufflingAnimation.m */; };
		0DD6E1CB1F1B236C00881B1F /* WBImageCache.m in Sources */ = {isa = PBXBuildFile; fileRef = 0DD6E1C31F1B236C00881B1F /* WBImageCache.m */; };
		0DD6E1CC1F1B236C00881B1F /* WBImageDownloader.m in Sources */ = {isa = PBXBuildFile; fileRef = 0DD6E1C51F1B236C00881B1F /* WBImageDownloader.m */; };
		0DD6E1CD1F1B236C00881B1F /* WBWeakTimer.m in Sources */ = {isa = PBXBuildFile; fileRef = 0DD6E1C71F1B236C00881B1F /* WBWeakTimer.m */; };
		0DD6E1CE1F1B236C00881B1F /* UIImageView+WBImageViewManager.m in Sources */ = {isa = PBXBuildFile; fileRef = 0DD6E1C91F1B236C00881B1F /* UIImageView+WBImageViewManager.m */; };
		0DD6E1D21F1B348500881B1F /* DemoCellTableViewCell.m in Sources */ = {isa = PBXBuildFile; fileRef = 0DD6E1D01F1B348500881B1F /* DemoCellTableViewCell.m */; };
		0DD6E1D31F1B348500881B1F /* DemoCellTableViewCell.xib in Resources */ = {isa = PBXBuildFile; fileRef = 0DD6E1D11F1B348500881B1F /* DemoCellTableViewCell.xib */; };
		0DD6E1D51F1B3CE600881B1F /* shufflingImage.gif in Resources */ = {isa = PBXBuildFile; fileRef = 0DD6E1D41F1B3CE600881B1F /* shufflingImage.gif */; };
/* End PBXBuildFile section */

/* Begin PBXFileReference section */
		0D5BC6651F1B1D2700249136 /* WBShuffling.app */ = {isa = PBXFileReference; explicitFileType = wrapper.application; includeInIndex = 0; path = WBShuffling.app; sourceTree = BUILT_PRODUCTS_DIR; };
		0D5BC6691F1B1D2700249136 /* main.m */ = {isa = PBXFileReference; lastKnownFileType = sourcecode.c.objc; path = main.m; sourceTree = "<group>"; };
		0D5BC66B1F1B1D2700249136 /* AppDelegate.h */ = {isa = PBXFileReference; lastKnownFileType = sourcecode.c.h; path = AppDelegate.h; sourceTree = "<group>"; };
		0D5BC66C1F1B1D2700249136 /* AppDelegate.m */ = {isa = PBXFileReference; lastKnownFileType = sourcecode.c.objc; path = AppDelegate.m; sourceTree = "<group>"; };
		0D5BC66E1F1B1D2700249136 /* ViewController.h */ = {isa = PBXFileReference; lastKnownFileType = sourcecode.c.h; path = ViewController.h; sourceTree = "<group>"; };
		0D5BC66F1F1B1D2700249136 /* ViewController.m */ = {isa = PBXFileReference; lastKnownFileType = sourcecode.c.objc; path = ViewController.m; sourceTree = "<group>"; };
		0D5BC6721F1B1D2700249136 /* Base */ = {isa = PBXFileReference; lastKnownFileType = file.storyboard; name = Base; path = Base.lproj/Main.storyboard; sourceTree = "<group>"; };
		0D5BC6741F1B1D2700249136 /* Assets.xcassets */ = {isa = PBXFileReference; lastKnownFileType = folder.assetcatalog; path = Assets.xcassets; sourceTree = "<group>"; };
		0D5BC6771F1B1D2700249136 /* Base */ = {isa = PBXFileReference; lastKnownFileType = file.storyboard; name = Base; path = Base.lproj/LaunchScreen.storyboard; sourceTree = "<group>"; };
		0D5BC6791F1B1D2700249136 /* Info.plist */ = {isa = PBXFileReference; lastKnownFileType = text.plist.xml; path = Info.plist; sourceTree = "<group>"; };
		0D5BC6801F1B200200249136 /* WBShuffling.h */ = {isa = PBXFileReference; fileEncoding = 4; lastKnownFileType = sourcecode.c.h; path = WBShuffling.h; sourceTree = "<group>"; };
		0D5BC6811F1B200300249136 /* WBShuffling.m */ = {isa = PBXFileReference; fileEncoding = 4; lastKnownFileType = sourcecode.c.objc; path = WBShuffling.m; sourceTree = "<group>"; };
		0D5BC6831F1B20CF00249136 /* WBConfiguration.h */ = {isa = PBXFileReference; fileEncoding = 4; lastKnownFileType = sourcecode.c.h; path = WBConfiguration.h; sourceTree = "<group>"; };
		0D5BC6841F1B20CF00249136 /* WBConfiguration.m */ = {isa = PBXFileReference; fileEncoding = 4; lastKnownFileType = sourcecode.c.objc; path = WBConfiguration.m; sourceTree = "<group>"; };
		0D5BC6861F1B222D00249136 /* WBPageControl.h */ = {isa = PBXFileReference; fileEncoding = 4; lastKnownFileType = sourcecode.c.h; path = WBPageControl.h; sourceTree = "<group>"; };
		0D5BC6871F1B222D00249136 /* WBPageControl.m */ = {isa = PBXFileReference; fileEncoding = 4; lastKnownFileType = sourcecode.c.objc; path = WBPageControl.m; sourceTree = "<group>"; };
		0DD6E1C01F1B236C00881B1F /* WBShufflingAnimation.h */ = {isa = PBXFileReference; fileEncoding = 4; lastKnownFileType = sourcecode.c.h; path = WBShufflingAnimation.h; sourceTree = "<group>"; };
		0DD6E1C11F1B236C00881B1F /* WBShufflingAnimation.m */ = {isa = PBXFileReference; fileEncoding = 4; lastKnownFileType = sourcecode.c.objc; path = WBShufflingAnimation.m; sourceTree = "<group>"; };
		0DD6E1C21F1B236C00881B1F /* WBImageCache.h */ = {isa = PBXFileReference; fileEncoding = 4; lastKnownFileType = sourcecode.c.h; path = WBImageCache.h; sourceTree = "<group>"; };
		0DD6E1C31F1B236C00881B1F /* WBImageCache.m */ = {isa = PBXFileReference; fileEncoding = 4; lastKnownFileType = sourcecode.c.objc; path = WBImageCache.m; sourceTree = "<group>"; };
		0DD6E1C41F1B236C00881B1F /* WBImageDownloader.h */ = {isa = PBXFileReference; fileEncoding = 4; lastKnownFileType = sourcecode.c.h; path = WBImageDownloader.h; sourceTree = "<group>"; };
		0DD6E1C51F1B236C00881B1F /* WBImageDownloader.m */ = {isa = PBXFileReference; fileEncoding = 4; lastKnownFileType = sourcecode.c.objc; path = WBImageDownloader.m; sourceTree = "<group>"; };
		0DD6E1C61F1B236C00881B1F /* WBWeakTimer.h */ = {isa = PBXFileReference; fileEncoding = 4; lastKnownFileType = sourcecode.c.h; path = WBWeakTimer.h; sourceTree = "<group>"; };
		0DD6E1C71F1B236C00881B1F /* WBWeakTimer.m */ = {isa = PBXFileReference; fileEncoding = 4; lastKnownFileType = sourcecode.c.objc; path = WBWeakTimer.m; sourceTree = "<group>"; };
		0DD6E1C81F1B236C00881B1F /* UIImageView+WBImageViewManager.h */ = {isa = PBXFileReference; fileEncoding = 4; lastKnownFileType = sourcecode.c.h; path = "UIImageView+WBImageViewManager.h"; sourceTree = "<group>"; };
		0DD6E1C91F1B236C00881B1F /* UIImageView+WBImageViewManager.m */ = {isa = PBXFileReference; fileEncoding = 4; lastKnownFileType = sourcecode.c.objc; path = "UIImageView+WBImageViewManager.m"; sourceTree = "<group>"; };
		0DD6E1CF1F1B348500881B1F /* DemoCellTableViewCell.h */ = {isa = PBXFileReference; fileEncoding = 4; lastKnownFileType = sourcecode.c.h; path = DemoCellTableViewCell.h; sourceTree = "<group>"; };
		0DD6E1D01F1B348500881B1F /* DemoCellTableViewCell.m */ = {isa = PBXFileReference; fileEncoding = 4; lastKnownFileType = sourcecode.c.objc; path = DemoCellTableViewCell.m; sourceTree = "<group>"; };
		0DD6E1D11F1B348500881B1F /* DemoCellTableViewCell.xib */ = {isa = PBXFileReference; fileEncoding = 4; lastKnownFileType = file.xib; path = DemoCellTableViewCell.xib; sourceTree = "<group>"; };
		0DD6E1D41F1B3CE600881B1F /* shufflingImage.gif */ = {isa = PBXFileReference; lastKnownFileType = image.gif; path = shufflingImage.gif; sourceTree = "<group>"; };
/* End PBXFileReference section */

/* Begin PBXFrameworksBuildPhase section */
		0D5BC6621F1B1D2700249136 /* Frameworks */ = {
			isa = PBXFrameworksBuildPhase;
			buildActionMask = 2147483647;
			files = (
			);
			runOnlyForDeploymentPostprocessing = 0;
		};
/* End PBXFrameworksBuildPhase section */

/* Begin PBXGroup section */
		0D5BC65C1F1B1D2700249136 = {
			isa = PBXGroup;
			children = (
				0DD6E1D41F1B3CE600881B1F /* shufflingImage.gif */,
				0D5BC6671F1B1D2700249136 /* WBShuffling */,
				0D5BC6661F1B1D2700249136 /* Products */,
			);
			sourceTree = "<group>";
		};
		0D5BC6661F1B1D2700249136 /* Products */ = {
			isa = PBXGroup;
			children = (
				0D5BC6651F1B1D2700249136 /* WBShuffling.app */,
			);
			name = Products;
			sourceTree = "<group>";
		};
		0D5BC6671F1B1D2700249136 /* WBShuffling */ = {
			isa = PBXGroup;
			children = (
				0D5BC67F1F1B1FC900249136 /* Shuffling */,
				0D5BC66B1F1B1D2700249136 /* AppDelegate.h */,
				0D5BC66C1F1B1D2700249136 /* AppDelegate.m */,
				0D5BC66E1F1B1D2700249136 /* ViewController.h */,
				0D5BC66F1F1B1D2700249136 /* ViewController.m */,
				0DD6E1CF1F1B348500881B1F /* DemoCellTableViewCell.h */,
				0DD6E1D01F1B348500881B1F /* DemoCellTableViewCell.m */,
				0DD6E1D11F1B348500881B1F /* DemoCellTableViewCell.xib */,
				0D5BC6711F1B1D2700249136 /* Main.storyboard */,
				0D5BC6741F1B1D2700249136 /* Assets.xcassets */,
				0D5BC6761F1B1D2700249136 /* LaunchScreen.storyboard */,
				0D5BC6791F1B1D2700249136 /* Info.plist */,
				0D5BC6681F1B1D2700249136 /* Supporting Files */,
			);
			path = WBShuffling;
			sourceTree = "<group>";
		};
		0D5BC6681F1B1D2700249136 /* Supporting Files */ = {
			isa = PBXGroup;
			children = (
				0D5BC6691F1B1D2700249136 /* main.m */,
			);
			name = "Supporting Files";
			sourceTree = "<group>";
		};
		0D5BC67F1F1B1FC900249136 /* Shuffling */ = {
			isa = PBXGroup;
			children = (
				0D5BC6801F1B200200249136 /* WBShuffling.h */,
				0D5BC6811F1B200300249136 /* WBShuffling.m */,
				0DD6E1C01F1B236C00881B1F /* WBShufflingAnimation.h */,
				0DD6E1C11F1B236C00881B1F /* WBShufflingAnimation.m */,
				0DD6E1C21F1B236C00881B1F /* WBImageCache.h */,
				0DD6E1C31F1B236C00881B1F /* WBImageCache.m */,
				0DD6E1C41F1B236C00881B1F /* WBImageDownloader.h */,
				0DD6E1C51F1B236C00881B1F /* WBImageDownloader.m */,
				0DD6E1C61F1B236C00881B1F /* WBWeakTimer.h */,
				0DD6E1C71F1B236C00881B1F /* WBWeakTimer.m */,
				0DD6E1C81F1B236C00881B1F /* UIImageView+WBImageViewManager.h */,
				0DD6E1C91F1B236C00881B1F /* UIImageView+WBImageViewManager.m */,
				0D5BC6831F1B20CF00249136 /* WBConfiguration.h */,
				0D5BC6841F1B20CF00249136 /* WBConfiguration.m */,
				0D5BC6861F1B222D00249136 /* WBPageControl.h */,
				0D5BC6871F1B222D00249136 /* WBPageControl.m */,
			);
			path = Shuffling;
			sourceTree = "<group>";
		};
/* End PBXGroup section */

/* Begin PBXNativeTarget section */
		0D5BC6641F1B1D2700249136 /* WBShuffling */ = {
			isa = PBXNativeTarget;
			buildConfigurationList = 0D5BC67C1F1B1D2700249136 /* Build configuration list for PBXNativeTarget "WBShuffling" */;
			buildPhases = (
				0D5BC6611F1B1D2700249136 /* Sources */,
				0D5BC6621F1B1D2700249136 /* Frameworks */,
				0D5BC6631F1B1D2700249136 /* Resources */,
			);
			buildRules = (
			);
			dependencies = (
			);
			name = WBShuffling;
			productName = WBShuffling;
			productReference = 0D5BC6651F1B1D2700249136 /* WBShuffling.app */;
			productType = "com.apple.product-type.application";
		};
/* End PBXNativeTarget section */

/* Begin PBXProject section */
		0D5BC65D1F1B1D2700249136 /* Project object */ = {
			isa = PBXProject;
			attributes = {
				LastUpgradeCheck = 0830;
				ORGANIZATIONNAME = "王文博";
				TargetAttributes = {
					0D5BC6641F1B1D2700249136 = {
						CreatedOnToolsVersion = 8.3.3;
						ProvisioningStyle = Automatic;
					};
				};
			};
			buildConfigurationList = 0D5BC6601F1B1D2700249136 /* Build configuration list for PBXProject "WBShuffling" */;
			compatibilityVersion = "Xcode 3.2";
			developmentRegion = English;
			hasScannedForEncodings = 0;
			knownRegions = (
				en,
				Base,
			);
			mainGroup = 0D5BC65C1F1B1D2700249136;
			productRefGroup = 0D5BC6661F1B1D2700249136 /* Products */;
			projectDirPath = "";
			projectRoot = "";
			targets = (
				0D5BC6641F1B1D2700249136 /* WBShuffling */,
			);
		};
/* End PBXProject section */

/* Begin PBXResourcesBuildPhase section */
		0D5BC6631F1B1D2700249136 /* Resources */ = {
			isa = PBXResourcesBuildPhase;
			buildActionMask = 2147483647;
			files = (
				0D5BC6781F1B1D2700249136 /* LaunchScreen.storyboard in Resources */,
				0D5BC6751F1B1D2700249136 /* Assets.xcassets in Resources */,
				0DD6E1D51F1B3CE600881B1F /* shufflingImage.gif in Resources */,
				0DD6E1D31F1B348500881B1F /* DemoCellTableViewCell.xib in Resources */,
				0D5BC6731F1B1D2700249136 /* Main.storyboard in Resources */,
			);
			runOnlyForDeploymentPostprocessing = 0;
		};
/* End PBXResourcesBuildPhase section */

/* Begin PBXSourcesBuildPhase section */
		0D5BC6611F1B1D2700249136 /* Sources */ = {
			isa = PBXSourcesBuildPhase;
			buildActionMask = 2147483647;
			files = (
				0D5BC6851F1B20CF00249136 /* WBConfiguration.m in Sources */,
				0D5BC6701F1B1D2700249136 /* ViewController.m in Sources */,
				0DD6E1CA1F1B236C00881B1F /* WBShufflingAnimation.m in Sources */,
				0DD6E1CB1F1B236C00881B1F /* WBImageCache.m in Sources */,
				0D5BC66D1F1B1D2700249136 /* AppDelegate.m in Sources */,
				0D5BC6881F1B222D00249136 /* WBPageControl.m in Sources */,
				0DD6E1CE1F1B236C00881B1F /* UIImageView+WBImageViewManager.m in Sources */,
				0DD6E1CD1F1B236C00881B1F /* WBWeakTimer.m in Sources */,
				0D5BC66A1F1B1D2700249136 /* main.m in Sources */,
				0DD6E1CC1F1B236C00881B1F /* WBImageDownloader.m in Sources */,
				0DD6E1D21F1B348500881B1F /* DemoCellTableViewCell.m in Sources */,
				0D5BC6821F1B200300249136 /* WBShuffling.m in Sources */,
			);
			runOnlyForDeploymentPostprocessing = 0;
		};
/* End PBXSourcesBuildPhase section */

/* Begin PBXVariantGroup section */
		0D5BC6711F1B1D2700249136 /* Main.storyboard */ = {
			isa = PBXVariantGroup;
			children = (
				0D5BC6721F1B1D2700249136 /* Base */,
			);
			name = Main.storyboard;
			sourceTree = "<group>";
		};
		0D5BC6761F1B1D2700249136 /* LaunchScreen.storyboard */ = {
			isa = PBXVariantGroup;
			children = (
				0D5BC6771F1B1D2700249136 /* Base */,
			);
			name = LaunchScreen.storyboard;
			sourceTree = "<group>";
		};
/* End PBXVariantGroup section */

/* Begin XCBuildConfiguration section */
		0D5BC67A1F1B1D2700249136 /* Debug */ = {
			isa = XCBuildConfiguration;
			buildSettings = {
				ALWAYS_SEARCH_USER_PATHS = NO;
				CLANG_ANALYZER_NONNULL = YES;
				CLANG_ANALYZER_NUMBER_OBJECT_CONVERSION = YES_AGGRESSIVE;
				CLANG_CXX_LANGUAGE_STANDARD = "gnu++0x";
				CLANG_CXX_LIBRARY = "libc++";
				CLANG_ENABLE_MODULES = YES;
				CLANG_ENABLE_OBJC_ARC = YES;
				CLANG_WARN_BOOL_CONVERSION = YES;
				CLANG_WARN_CONSTANT_CONVERSION = YES;
				CLANG_WARN_DIRECT_OBJC_ISA_USAGE = YES_ERROR;
				CLANG_WARN_DOCUMENTATION_COMMENTS = YES;
				CLANG_WARN_EMPTY_BODY = YES;
				CLANG_WARN_ENUM_CONVERSION = YES;
				CLANG_WARN_INFINITE_RECURSION = YES;
				CLANG_WARN_INT_CONVERSION = YES;
				CLANG_WARN_OBJC_ROOT_CLASS = YES_ERROR;
				CLANG_WARN_SUSPICIOUS_MOVE = YES;
				CLANG_WARN_UNREACHABLE_CODE = YES;
				CLANG_WARN__DUPLICATE_METHOD_MATCH = YES;
				"CODE_SIGN_IDENTITY[sdk=iphoneos*]" = "iPhone Developer";
				COPY_PHASE_STRIP = NO;
				DEBUG_INFORMATION_FORMAT = dwarf;
				ENABLE_STRICT_OBJC_MSGSEND = YES;
				ENABLE_TESTABILITY = YES;
				GCC_C_LANGUAGE_STANDARD = gnu99;
				GCC_DYNAMIC_NO_PIC = NO;
				GCC_NO_COMMON_BLOCKS = YES;
				GCC_OPTIMIZATION_LEVEL = 0;
				GCC_PREPROCESSOR_DEFINITIONS = (
					"DEBUG=1",
					"$(inherited)",
				);
				GCC_WARN_64_TO_32_BIT_CONVERSION = YES;
				GCC_WARN_ABOUT_RETURN_TYPE = YES_ERROR;
				GCC_WARN_UNDECLARED_SELECTOR = YES;
				GCC_WARN_UNINITIALIZED_AUTOS = YES_AGGRESSIVE;
				GCC_WARN_UNUSED_FUNCTION = YES;
				GCC_WARN_UNUSED_VARIABLE = YES;
				IPHONEOS_DEPLOYMENT_TARGET = 10.3;
				MTL_ENABLE_DEBUG_INFO = YES;
				ONLY_ACTIVE_ARCH = YES;
				SDKROOT = iphoneos;
			};
			name = Debug;
		};
		0D5BC67B1F1B1D2700249136 /* Release */ = {
			isa = XCBuildConfiguration;
			buildSettings = {
				ALWAYS_SEARCH_USER_PATHS = NO;
				CLANG_ANALYZER_NONNULL = YES;
				CLANG_ANALYZER_NUMBER_OBJECT_CONVERSION = YES_AGGRESSIVE;
				CLANG_CXX_LANGUAGE_STANDARD = "gnu++0x";
				CLANG_CXX_LIBRARY = "libc++";
				CLANG_ENABLE_MODULES = YES;
				CLANG_ENABLE_OBJC_ARC = YES;
				CLANG_WARN_BOOL_CONVERSION = YES;
				CLANG_WARN_CONSTANT_CONVERSION = YES;
				CLANG_WARN_DIRECT_OBJC_ISA_USAGE = YES_ERROR;
				CLANG_WARN_DOCUMENTATION_COMMENTS = YES;
				CLANG_WARN_EMPTY_BODY = YES;
				CLANG_WARN_ENUM_CONVERSION = YES;
				CLANG_WARN_INFINITE_RECURSION = YES;
				CLANG_WARN_INT_CONVERSION = YES;
				CLANG_WARN_OBJC_ROOT_CLASS = YES_ERROR;
				CLANG_WARN_SUSPICIOUS_MOVE = YES;
				CLANG_WARN_UNREACHABLE_CODE = YES;
				CLANG_WARN__DUPLICATE_METHOD_MATCH = YES;
				"CODE_SIGN_IDENTITY[sdk=iphoneos*]" = "iPhone Developer";
				COPY_PHASE_STRIP = NO;
				DEBUG_INFORMATION_FORMAT = "dwarf-with-dsym";
				ENABLE_NS_ASSERTIONS = NO;
				ENABLE_STRICT_OBJC_MSGSEND = YES;
				GCC_C_LANGUAGE_STANDARD = gnu99;
				GCC_NO_COMMON_BLOCKS = YES;
				GCC_WARN_64_TO_32_BIT_CONVERSION = YES;
				GCC_WARN_ABOUT_RETURN_TYPE = YES_ERROR;
				GCC_WARN_UNDECLARED_SELECTOR = YES;
				GCC_WARN_UNINITIALIZED_AUTOS = YES_AGGRESSIVE;
				GCC_WARN_UNUSED_FUNCTION = YES;
				GCC_WARN_UNUSED_VARIABLE = YES;
				IPHONEOS_DEPLOYMENT_TARGET = 10.3;
				MTL_ENABLE_DEBUG_INFO = NO;
				SDKROOT = iphoneos;
				VALIDATE_PRODUCT = YES;
			};
			name = Release;
		};
		0D5BC67D1F1B1D2700249136 /* Debug */ = {
			isa = XCBuildConfiguration;
			buildSettings = {
				ASSETCATALOG_COMPILER_APPICON_NAME = AppIcon;
				INFOPLIST_FILE = WBShuffling/Info.plist;
				LD_RUNPATH_SEARCH_PATHS = "$(inherited) @executable_path/Frameworks";
				PRODUCT_BUNDLE_IDENTIFIER = "wenbo-code.WBShuffling";
				PRODUCT_NAME = "$(TARGET_NAME)";
			};
			name = Debug;
		};
		0D5BC67E1F1B1D2700249136 /* Release */ = {
			isa = XCBuildConfiguration;
			buildSettings = {
				ASSETCATALOG_COMPILER_APPICON_NAME = AppIcon;
				INFOPLIST_FILE = WBShuffling/Info.plist;
				LD_RUNPATH_SEARCH_PATHS = "$(inherited) @executable_path/Frameworks";
				PRODUCT_BUNDLE_IDENTIFIER = "wenbo-code.WBShuffling";
				PRODUCT_NAME = "$(TARGET_NAME)";
			};
			name = Release;
		};
/* End XCBuildConfiguration section */

/* Begin XCConfigurationList section */
		0D5BC6601F1B1D2700249136 /* Build configuration list for PBXProject "WBShuffling" */ = {
			isa = XCConfigurationList;
			buildConfigurations = (
				0D5BC67A1F1B1D2700249136 /* Debug */,
				0D5BC67B1F1B1D2700249136 /* Release */,
			);
			defaultConfigurationIsVisible = 0;
			defaultConfigurationName = Release;
		};
		0D5BC67C1F1B1D2700249136 /* Build configuration list for PBXNativeTarget "WBShuffling" */ = {
			isa = XCConfigurationList;
			buildConfigurations = (
				0D5BC67D1F1B1D2700249136 /* Debug */,
				0D5BC67E1F1B1D2700249136 /* Release */,
			);
			defaultConfigurationIsVisible = 0;
			defaultConfigurationName = Release;
		};
/* End XCConfigurationList section */
	};
	rootObject = 0D5BC65D1F1B1D2700249136 /* Project object */;
}
